
Microsoft Visual Studio Solution File, Format Version 12.00
# Visual Studio Version 17
VisualStudioVersion = 17.9.34607.119
MinimumVisualStudioVersion = 10.0.40219.1
Project("{FAE04EC0-301F-11D3-BF4B-00C04F79EFBC}") = "AzureFunctionsHttpTemplate", "AzureFunctionsHttpTemplate.csproj", "{DF6BFCA6-AC59-4679-A028-4257D8734A77}"
EndProject
Global
	GlobalSection(SolutionConfigurationPlatforms) = preSolution
		Debug|Any CPU = Debug|Any CPU
		Release|Any CPU = Release|Any CPU
	EndGlobalSection
	GlobalSection(ProjectConfigurationPlatforms) = postSolution
		{DF6BFCA6-AC59-4679-A028-4257D8734A77}.Debug|Any CPU.ActiveCfg = Debug|Any CPU
		{DF6BFCA6-AC59-4679-A028-4257D8734A77}.Debug|Any CPU.Build.0 = Debug|Any CPU
		{DF6BFCA6-AC59-4679-A028-4257D8734A77}.Release|Any CPU.ActiveCfg = Release|Any CPU
		{DF6BFCA6-AC59-4679-A028-4257D8734A77}.Release|Any CPU.Build.0 = Release|Any CPU
	EndGlobalSection
	GlobalSection(SolutionProperties) = preSolution
		HideSolutionNode = FALSE
	EndGlobalSection
	GlobalSection(ExtensibilityGlobals) = postSolution
		SolutionGuid = {3A828966-14B5-4DDB-83D8-9AB48CFE4FC5}
	EndGlobalSection
EndGlobal
